lockfileVersion: '6.0'

settings:
  autoInstallPeers: true
  excludeLinksFromLockfile: false

dependencies:
  '@radix-ui/react-dialog':
    specifier: ^1.1.2
    version: 1.1.2(@types/react-dom@18.3.1)(@types/react@18.3.11)(react-dom@18.3.1)(react@18.3.1)
  phosphor-react:
    specifier: ^1.4.1
    version: 1.4.1(react@18.3.1)
  react:
    specifier: ^18.3.1
    version: 18.3.1
  react-dom:
    specifier: ^18.3.1
    version: 18.3.1(react@18.3.1)
  styled-components:
    specifier: ^6.1.13
    version: 6.1.13(react-dom@18.3.1)(react@18.3.1)

devDependencies:
  '@biomejs/biome':
    specifier: 1.9.3
    version: 1.9.3
  '@types/react':
    specifier: ^18.3.10
    version: 18.3.11
  '@types/react-dom':
    specifier: ^18.3.0
    version: 18.3.1
  '@types/styled-components':
    specifier: ^5.1.34
    version: 5.1.34
  '@vitejs/plugin-react-swc':
    specifier: ^3.5.0
    version: 3.7.1(vite@5.4.8)
  globals:
    specifier: ^15.9.0
    version: 15.11.0
  typescript:
    specifier: ^5.5.3
    version: 5.6.3
  vite:
    specifier: ^5.4.8
    version: 5.4.8

packages:

  /@biomejs/biome@1.9.3:
    resolution: {integrity: sha512-POjAPz0APAmX33WOQFGQrwLvlu7WLV4CFJMlB12b6ZSg+2q6fYu9kZwLCOA+x83zXfcPd1RpuWOKJW0GbBwLIQ==}
    engines: {node: '>=14.21.3'}
    hasBin: true
    requiresBuild: true
    optionalDependencies:
      '@biomejs/cli-darwin-arm64': 1.9.3
      '@biomejs/cli-darwin-x64': 1.9.3
      '@biomejs/cli-linux-arm64': 1.9.3
      '@biomejs/cli-linux-arm64-musl': 1.9.3
      '@biomejs/cli-linux-x64': 1.9.3
      '@biomejs/cli-linux-x64-musl': 1.9.3
      '@biomejs/cli-win32-arm64': 1.9.3
      '@biomejs/cli-win32-x64': 1.9.3
    dev: true

  /@biomejs/cli-darwin-arm64@1.9.3:
    resolution: {integrity: sha512-QZzD2XrjJDUyIZK+aR2i5DDxCJfdwiYbUKu9GzkCUJpL78uSelAHAPy7m0GuPMVtF/Uo+OKv97W3P9nuWZangQ==}
    engines: {node: '>=14.21.3'}
    cpu: [arm64]
    os: [darwin]
    requiresBuild: true
    dev: true
    optional: true

  /@biomejs/cli-darwin-x64@1.9.3:
    resolution: {integrity: sha512-vSCoIBJE0BN3SWDFuAY/tRavpUtNoqiceJ5PrU3xDfsLcm/U6N93JSM0M9OAiC/X7mPPfejtr6Yc9vSgWlEgVw==}
    engines: {node: '>=14.21.3'}
    cpu: [x64]
    os: [darwin]
    requiresBuild: true
    dev: true
    optional: true

  /@biomejs/cli-linux-arm64-musl@1.9.3:
    resolution: {integrity: sha512-VBzyhaqqqwP3bAkkBrhVq50i3Uj9+RWuj+pYmXrMDgjS5+SKYGE56BwNw4l8hR3SmYbLSbEo15GcV043CDSk+Q==}
    engines: {node: '>=14.21.3'}
    cpu: [arm64]
    os: [linux]
    requiresBuild: true
    dev: true
    optional: true

  /@biomejs/cli-linux-arm64@1.9.3:
    resolution: {integrity: sha512-vJkAimD2+sVviNTbaWOGqEBy31cW0ZB52KtpVIbkuma7PlfII3tsLhFa+cwbRAcRBkobBBhqZ06hXoZAN8NODQ==}
    engines: {node: '>=14.21.3'}
    cpu: [arm64]
    os: [linux]
    requiresBuild: true
    dev: true
    optional: true

  /@biomejs/cli-linux-x64-musl@1.9.3:
    resolution: {integrity: sha512-TJmnOG2+NOGM72mlczEsNki9UT+XAsMFAOo8J0me/N47EJ/vkLXxf481evfHLlxMejTY6IN8SdRSiPVLv6AHlA==}
    engines: {node: '>=14.21.3'}
    cpu: [x64]
    os: [linux]
    requiresBuild: true
    dev: true
    optional: true

  /@biomejs/cli-linux-x64@1.9.3:
    resolution: {integrity: sha512-x220V4c+romd26Mu1ptU+EudMXVS4xmzKxPVb9mgnfYlN4Yx9vD5NZraSx/onJnd3Gh/y8iPUdU5CDZJKg9COA==}
    engines: {node: '>=14.21.3'}
    cpu: [x64]
    os: [linux]
    requiresBuild: true
    dev: true
    optional: true

  /@biomejs/cli-win32-arm64@1.9.3:
    resolution: {integrity: sha512-lg/yZis2HdQGsycUvHWSzo9kOvnGgvtrYRgoCEwPBwwAL8/6crOp3+f47tPwI/LI1dZrhSji7PNsGKGHbwyAhw==}
    engines: {node: '>=14.21.3'}
    cpu: [arm64]
    os: [win32]
    requiresBuild: true
    dev: true
    optional: true

  /@biomejs/cli-win32-x64@1.9.3:
    resolution: {integrity: sha512-cQMy2zanBkVLpmmxXdK6YePzmZx0s5Z7KEnwmrW54rcXK3myCNbQa09SwGZ8i/8sLw0H9F3X7K4rxVNGU8/D4Q==}
    engines: {node: '>=14.21.3'}
    cpu: [x64]
    os: [win32]
    requiresBuild: true
    dev: true
    optional: true

  /@emotion/is-prop-valid@1.2.2:
    resolution: {integrity: sha512-uNsoYd37AFmaCdXlg6EYD1KaPOaRWRByMCYzbKUX4+hhMfrxdVSelShywL4JVaAeM/eHUOSprYBQls+/neX3pw==}
    dependencies:
      '@emotion/memoize': 0.8.1
    dev: false

  /@emotion/memoize@0.8.1:
    resolution: {integrity: sha512-W2P2c/VRW1/1tLox0mVUalvnWXxavmv/Oum2aPsRcoDJuob75FC3Y8FbpfLwUegRcxINtGUMPq0tFCvYNTBXNA==}
    dev: false

  /@emotion/unitless@0.8.1:
    resolution: {integrity: sha512-KOEGMu6dmJZtpadb476IsZBclKvILjopjUii3V+7MnXIQCYh8W3NgNcgwo21n9LXZX6EDIKvqfjYxXebDwxKmQ==}
    dev: false

  /@esbuild/aix-ppc64@0.21.5:
    resolution: {integrity: sha512-1SDgH6ZSPTlggy1yI6+Dbkiz8xzpHJEVAlF/AM1tHPLsf5STom9rwtjE4hKAF20FfXXNTFqEYXyJNWh1GiZedQ==}
    engines: {node: '>=12'}
    cpu: [ppc64]
    os: [aix]
    requiresBuild: true
    dev: true
    optional: true

  /@esbuild/android-arm64@0.21.5:
    resolution: {integrity: sha512-c0uX9VAUBQ7dTDCjq+wdyGLowMdtR/GoC2U5IYk/7D1H1JYC0qseD7+11iMP2mRLN9RcCMRcjC4YMclCzGwS/A==}
    engines: {node: '>=12'}
    cpu: [arm64]
    os: [android]
    requiresBuild: true
    dev: true
    optional: true

  /@esbuild/android-arm@0.21.5:
    resolution: {integrity: sha512-vCPvzSjpPHEi1siZdlvAlsPxXl7WbOVUBBAowWug4rJHb68Ox8KualB+1ocNvT5fjv6wpkX6o/iEpbDrf68zcg==}
    engines: {node: '>=12'}
    cpu: [arm]
    os: [android]
    requiresBuild: true
    dev: true
    optional: true

  /@esbuild/android-x64@0.21.5:
    resolution: {integrity: sha512-D7aPRUUNHRBwHxzxRvp856rjUHRFW1SdQATKXH2hqA0kAZb1hKmi02OpYRacl0TxIGz/ZmXWlbZgjwWYaCakTA==}
    engines: {node: '>=12'}
    cpu: [x64]
    os: [android]
    requiresBuild: true
    dev: true
    optional: true

  /@esbuild/darwin-arm64@0.21.5:
    resolution: {integrity: sha512-DwqXqZyuk5AiWWf3UfLiRDJ5EDd49zg6O9wclZ7kUMv2WRFr4HKjXp/5t8JZ11QbQfUS6/cRCKGwYhtNAY88kQ==}
    engines: {node: '>=12'}
    cpu: [arm64]
    os: [darwin]
    requiresBuild: true
    dev: true
    optional: true

  /@esbuild/darwin-x64@0.21.5:
    resolution: {integrity: sha512-se/JjF8NlmKVG4kNIuyWMV/22ZaerB+qaSi5MdrXtd6R08kvs2qCN4C09miupktDitvh8jRFflwGFBQcxZRjbw==}
    engines: {node: '>=12'}
    cpu: [x64]
    os: [darwin]
    requiresBuild: true
    dev: true
    optional: true

  /@esbuild/freebsd-arm64@0.21.5:
    resolution: {integrity: sha512-5JcRxxRDUJLX8JXp/wcBCy3pENnCgBR9bN6JsY4OmhfUtIHe3ZW0mawA7+RDAcMLrMIZaf03NlQiX9DGyB8h4g==}
    engines: {node: '>=12'}
    cpu: [arm64]
    os: [freebsd]
    requiresBuild: true
    dev: true
    optional: true

  /@esbuild/freebsd-x64@0.21.5:
    resolution: {integrity: sha512-J95kNBj1zkbMXtHVH29bBriQygMXqoVQOQYA+ISs0/2l3T9/kj42ow2mpqerRBxDJnmkUDCaQT/dfNXWX/ZZCQ==}
    engines: {node: '>=12'}
    cpu: [x64]
    os: [freebsd]
    requiresBuild: true
    dev: true
    optional: true

  /@esbuild/linux-arm64@0.21.5:
    resolution: {integrity: sha512-ibKvmyYzKsBeX8d8I7MH/TMfWDXBF3db4qM6sy+7re0YXya+K1cem3on9XgdT2EQGMu4hQyZhan7TeQ8XkGp4Q==}
    engines: {node: '>=12'}
    cpu: [arm64]
    os: [linux]
    requiresBuild: true
    dev: true
    optional: true

  /@esbuild/linux-arm@0.21.5:
    resolution: {integrity: sha512-bPb5AHZtbeNGjCKVZ9UGqGwo8EUu4cLq68E95A53KlxAPRmUyYv2D6F0uUI65XisGOL1hBP5mTronbgo+0bFcA==}
    engines: {node: '>=12'}
    cpu: [arm]
    os: [linux]
    requiresBuild: true
    dev: true
    optional: true

  /@esbuild/linux-ia32@0.21.5:
    resolution: {integrity: sha512-YvjXDqLRqPDl2dvRODYmmhz4rPeVKYvppfGYKSNGdyZkA01046pLWyRKKI3ax8fbJoK5QbxblURkwK/MWY18Tg==}
    engines: {node: '>=12'}
    cpu: [ia32]
    os: [linux]
    requiresBuild: true
    dev: true
    optional: true

  /@esbuild/linux-loong64@0.21.5:
    resolution: {integrity: sha512-uHf1BmMG8qEvzdrzAqg2SIG/02+4/DHB6a9Kbya0XDvwDEKCoC8ZRWI5JJvNdUjtciBGFQ5PuBlpEOXQj+JQSg==}
    engines: {node: '>=12'}
    cpu: [loong64]
    os: [linux]
    requiresBuild: true
    dev: true
    optional: true

  /@esbuild/linux-mips64el@0.21.5:
    resolution: {integrity: sha512-IajOmO+KJK23bj52dFSNCMsz1QP1DqM6cwLUv3W1QwyxkyIWecfafnI555fvSGqEKwjMXVLokcV5ygHW5b3Jbg==}
    engines: {node: '>=12'}
    cpu: [mips64el]
    os: [linux]
    requiresBuild: true
    dev: true
    optional: true

  /@esbuild/linux-ppc64@0.21.5:
    resolution: {integrity: sha512-1hHV/Z4OEfMwpLO8rp7CvlhBDnjsC3CttJXIhBi+5Aj5r+MBvy4egg7wCbe//hSsT+RvDAG7s81tAvpL2XAE4w==}
    engines: {node: '>=12'}
    cpu: [ppc64]
    os: [linux]
    requiresBuild: true
    dev: true
    optional: true

  /@esbuild/linux-riscv64@0.21.5:
    resolution: {integrity: sha512-2HdXDMd9GMgTGrPWnJzP2ALSokE/0O5HhTUvWIbD3YdjME8JwvSCnNGBnTThKGEB91OZhzrJ4qIIxk/SBmyDDA==}
    engines: {node: '>=12'}
    cpu: [riscv64]
    os: [linux]
    requiresBuild: true
    dev: true
    optional: true

  /@esbuild/linux-s390x@0.21.5:
    resolution: {integrity: sha512-zus5sxzqBJD3eXxwvjN1yQkRepANgxE9lgOW2qLnmr8ikMTphkjgXu1HR01K4FJg8h1kEEDAqDcZQtbrRnB41A==}
    engines: {node: '>=12'}
    cpu: [s390x]
    os: [linux]
    requiresBuild: true
    dev: true
    optional: true

  /@esbuild/linux-x64@0.21.5:
    resolution: {integrity: sha512-1rYdTpyv03iycF1+BhzrzQJCdOuAOtaqHTWJZCWvijKD2N5Xu0TtVC8/+1faWqcP9iBCWOmjmhoH94dH82BxPQ==}
    engines: {node: '>=12'}
    cpu: [x64]
    os: [linux]
    requiresBuild: true
    dev: true
    optional: true

  /@esbuild/netbsd-x64@0.21.5:
    resolution: {integrity: sha512-Woi2MXzXjMULccIwMnLciyZH4nCIMpWQAs049KEeMvOcNADVxo0UBIQPfSmxB3CWKedngg7sWZdLvLczpe0tLg==}
    engines: {node: '>=12'}
    cpu: [x64]
    os: [netbsd]
    requiresBuild: true
    dev: true
    optional: true

  /@esbuild/openbsd-x64@0.21.5:
    resolution: {integrity: sha512-HLNNw99xsvx12lFBUwoT8EVCsSvRNDVxNpjZ7bPn947b8gJPzeHWyNVhFsaerc0n3TsbOINvRP2byTZ5LKezow==}
    engines: {node: '>=12'}
    cpu: [x64]
    os: [openbsd]
    requiresBuild: true
    dev: true
    optional: true

  /@esbuild/sunos-x64@0.21.5:
    resolution: {integrity: sha512-6+gjmFpfy0BHU5Tpptkuh8+uw3mnrvgs+dSPQXQOv3ekbordwnzTVEb4qnIvQcYXq6gzkyTnoZ9dZG+D4garKg==}
    engines: {node: '>=12'}
    cpu: [x64]
    os: [sunos]
    requiresBuild: true
    dev: true
    optional: true

  /@esbuild/win32-arm64@0.21.5:
    resolution: {integrity: sha512-Z0gOTd75VvXqyq7nsl93zwahcTROgqvuAcYDUr+vOv8uHhNSKROyU961kgtCD1e95IqPKSQKH7tBTslnS3tA8A==}
    engines: {node: '>=12'}
    cpu: [arm64]
    os: [win32]
    requiresBuild: true
    dev: true
    optional: true

  /@esbuild/win32-ia32@0.21.5:
    resolution: {integrity: sha512-SWXFF1CL2RVNMaVs+BBClwtfZSvDgtL//G/smwAc5oVK/UPu2Gu9tIaRgFmYFFKrmg3SyAjSrElf0TiJ1v8fYA==}
    engines: {node: '>=12'}
    cpu: [ia32]
    os: [win32]
    requiresBuild: true
    dev: true
    optional: true

  /@esbuild/win32-x64@0.21.5:
    resolution: {integrity: sha512-tQd/1efJuzPC6rCFwEvLtci/xNFcTZknmXs98FYDfGE4wP9ClFV98nyKrzJKVPMhdDnjzLhdUyMX4PsQAPjwIw==}
    engines: {node: '>=12'}
    cpu: [x64]
    os: [win32]
    requiresBuild: true
    dev: true
    optional: true

  /@radix-ui/primitive@1.1.0:
    resolution: {integrity: sha512-4Z8dn6Upk0qk4P74xBhZ6Hd/w0mPEzOOLxy4xiPXOXqjF7jZS0VAKk7/x/H6FyY2zCkYJqePf1G5KmkmNJ4RBA==}
    dev: false

  /@radix-ui/react-compose-refs@1.1.0(@types/react@18.3.11)(react@18.3.1):
    resolution: {integrity: sha512-b4inOtiaOnYf9KWyO3jAeeCG6FeyfY6ldiEPanbUjWd+xIk5wZeHa8yVwmrJ2vderhu/BQvzCrJI0lHd+wIiqw==}
    peerDependencies:
      '@types/react': '*'
      react: ^16.8 || ^17.0 || ^18.0 || ^19.0 || ^19.0.0-rc
    peerDependenciesMeta:
      '@types/react':
        optional: true
    dependencies:
      '@types/react': 18.3.11
      react: 18.3.1
    dev: false

  /@radix-ui/react-context@1.1.1(@types/react@18.3.11)(react@18.3.1):
    resolution: {integrity: sha512-UASk9zi+crv9WteK/NU4PLvOoL3OuE6BWVKNF6hPRBtYBDXQ2u5iu3O59zUlJiTVvkyuycnqrztsHVJwcK9K+Q==}
    peerDependencies:
      '@types/react': '*'
      react: ^16.8 || ^17.0 || ^18.0 || ^19.0 || ^19.0.0-rc
    peerDependenciesMeta:
      '@types/react':
        optional: true
    dependencies:
      '@types/react': 18.3.11
      react: 18.3.1
    dev: false

  /@radix-ui/react-dialog@1.1.2(@types/react-dom@18.3.1)(@types/react@18.3.11)(react-dom@18.3.1)(react@18.3.1):
    resolution: {integrity: sha512-Yj4dZtqa2o+kG61fzB0H2qUvmwBA2oyQroGLyNtBj1beo1khoQ3q1a2AO8rrQYjd8256CO9+N8L9tvsS+bnIyA==}
    peerDependencies:
      '@types/react': '*'
      '@types/react-dom': '*'
      react: ^16.8 || ^17.0 || ^18.0 || ^19.0 || ^19.0.0-rc
      react-dom: ^16.8 || ^17.0 || ^18.0 || ^19.0 || ^19.0.0-rc
    peerDependenciesMeta:
      '@types/react':
        optional: true
      '@types/react-dom':
        optional: true
    dependencies:
      '@radix-ui/primitive': 1.1.0
      '@radix-ui/react-compose-refs': 1.1.0(@types/react@18.3.11)(react@18.3.1)
      '@radix-ui/react-context': 1.1.1(@types/react@18.3.11)(react@18.3.1)
      '@radix-ui/react-dismissable-layer': 1.1.1(@types/react-dom@18.3.1)(@types/react@18.3.11)(react-dom@18.3.1)(react@18.3.1)
      '@radix-ui/react-focus-guards': 1.1.1(@types/react@18.3.11)(react@18.3.1)
      '@radix-ui/react-focus-scope': 1.1.0(@types/react-dom@18.3.1)(@types/react@18.3.11)(react-dom@18.3.1)(react@18.3.1)
      '@radix-ui/react-id': 1.1.0(@types/react@18.3.11)(react@18.3.1)
      '@radix-ui/react-portal': 1.1.2(@types/react-dom@18.3.1)(@types/react@18.3.11)(react-dom@18.3.1)(react@18.3.1)
      '@radix-ui/react-presence': 1.1.1(@types/react-dom@18.3.1)(@types/react@18.3.11)(react-dom@18.3.1)(react@18.3.1)
      '@radix-ui/react-primitive': 2.0.0(@types/react-dom@18.3.1)(@types/react@18.3.11)(react-dom@18.3.1)(react@18.3.1)
      '@radix-ui/react-slot': 1.1.0(@types/react@18.3.11)(react@18.3.1)
      '@radix-ui/react-use-controllable-state': 1.1.0(@types/react@18.3.11)(react@18.3.1)
      '@types/react': 18.3.11
      '@types/react-dom': 18.3.1
      aria-hidden: 1.2.4
      react: 18.3.1
      react-dom: 18.3.1(react@18.3.1)
      react-remove-scroll: 2.6.0(@types/react@18.3.11)(react@18.3.1)
    dev: false

  /@radix-ui/react-dismissable-layer@1.1.1(@types/react-dom@18.3.1)(@types/react@18.3.11)(react-dom@18.3.1)(react@18.3.1):
    resolution: {integrity: sha512-QSxg29lfr/xcev6kSz7MAlmDnzbP1eI/Dwn3Tp1ip0KT5CUELsxkekFEMVBEoykI3oV39hKT4TKZzBNMbcTZYQ==}
    peerDependencies:
      '@types/react': '*'
      '@types/react-dom': '*'
      react: ^16.8 || ^17.0 || ^18.0 || ^19.0 || ^19.0.0-rc
      react-dom: ^16.8 || ^17.0 || ^18.0 || ^19.0 || ^19.0.0-rc
    peerDependenciesMeta:
      '@types/react':
        optional: true
      '@types/react-dom':
        optional: true
    dependencies:
      '@radix-ui/primitive': 1.1.0
      '@radix-ui/react-compose-refs': 1.1.0(@types/react@18.3.11)(react@18.3.1)
      '@radix-ui/react-primitive': 2.0.0(@types/react-dom@18.3.1)(@types/react@18.3.11)(react-dom@18.3.1)(react@18.3.1)
      '@radix-ui/react-use-callback-ref': 1.1.0(@types/react@18.3.11)(react@18.3.1)
      '@radix-ui/react-use-escape-keydown': 1.1.0(@types/react@18.3.11)(react@18.3.1)
      '@types/react': 18.3.11
      '@types/react-dom': 18.3.1
      react: 18.3.1
      react-dom: 18.3.1(react@18.3.1)
    dev: false

  /@radix-ui/react-focus-guards@1.1.1(@types/react@18.3.11)(react@18.3.1):
    resolution: {integrity: sha512-pSIwfrT1a6sIoDASCSpFwOasEwKTZWDw/iBdtnqKO7v6FeOzYJ7U53cPzYFVR3geGGXgVHaH+CdngrrAzqUGxg==}
    peerDependencies:
      '@types/react': '*'
      react: ^16.8 || ^17.0 || ^18.0 || ^19.0 || ^19.0.0-rc
    peerDependenciesMeta:
      '@types/react':
        optional: true
    dependencies:
      '@types/react': 18.3.11
      react: 18.3.1
    dev: false

  /@radix-ui/react-focus-scope@1.1.0(@types/react-dom@18.3.1)(@types/react@18.3.11)(react-dom@18.3.1)(react@18.3.1):
    resolution: {integrity: sha512-200UD8zylvEyL8Bx+z76RJnASR2gRMuxlgFCPAe/Q/679a/r0eK3MBVYMb7vZODZcffZBdob1EGnky78xmVvcA==}
    peerDependencies:
      '@types/react': '*'
      '@types/react-dom': '*'
      react: ^16.8 || ^17.0 || ^18.0 || ^19.0 || ^19.0.0-rc
      react-dom: ^16.8 || ^17.0 || ^18.0 || ^19.0 || ^19.0.0-rc
    peerDependenciesMeta:
      '@types/react':
        optional: true
      '@types/react-dom':
        optional: true
    dependencies:
      '@radix-ui/react-compose-refs': 1.1.0(@types/react@18.3.11)(react@18.3.1)
      '@radix-ui/react-primitive': 2.0.0(@types/react-dom@18.3.1)(@types/react@18.3.11)(react-dom@18.3.1)(react@18.3.1)
      '@radix-ui/react-use-callback-ref': 1.1.0(@types/react@18.3.11)(react@18.3.1)
      '@types/react': 18.3.11
      '@types/react-dom': 18.3.1
      react: 18.3.1
      react-dom: 18.3.1(react@18.3.1)
    dev: false

  /@radix-ui/react-id@1.1.0(@types/react@18.3.11)(react@18.3.1):
    resolution: {integrity: sha512-EJUrI8yYh7WOjNOqpoJaf1jlFIH2LvtgAl+YcFqNCa+4hj64ZXmPkAKOFs/ukjz3byN6bdb/AVUqHkI8/uWWMA==}
    peerDependencies:
      '@types/react': '*'
      react: ^16.8 || ^17.0 || ^18.0 || ^19.0 || ^19.0.0-rc
    peerDependenciesMeta:
      '@types/react':
        optional: true
    dependencies:
      '@radix-ui/react-use-layout-effect': 1.1.0(@types/react@18.3.11)(react@18.3.1)
      '@types/react': 18.3.11
      react: 18.3.1
    dev: false

  /@radix-ui/react-portal@1.1.2(@types/react-dom@18.3.1)(@types/react@18.3.11)(react-dom@18.3.1)(react@18.3.1):
    resolution: {integrity: sha512-WeDYLGPxJb/5EGBoedyJbT0MpoULmwnIPMJMSldkuiMsBAv7N1cRdsTWZWht9vpPOiN3qyiGAtbK2is47/uMFg==}
    peerDependencies:
      '@types/react': '*'
      '@types/react-dom': '*'
      react: ^16.8 || ^17.0 || ^18.0 || ^19.0 || ^19.0.0-rc
      react-dom: ^16.8 || ^17.0 || ^18.0 || ^19.0 || ^19.0.0-rc
    peerDependenciesMeta:
      '@types/react':
        optional: true
      '@types/react-dom':
        optional: true
    dependencies:
      '@radix-ui/react-primitive': 2.0.0(@types/react-dom@18.3.1)(@types/react@18.3.11)(react-dom@18.3.1)(react@18.3.1)
      '@radix-ui/react-use-layout-effect': 1.1.0(@types/react@18.3.11)(react@18.3.1)
      '@types/react': 18.3.11
      '@types/react-dom': 18.3.1
      react: 18.3.1
      react-dom: 18.3.1(react@18.3.1)
    dev: false

  /@radix-ui/react-presence@1.1.1(@types/react-dom@18.3.1)(@types/react@18.3.11)(react-dom@18.3.1)(react@18.3.1):
    resolution: {integrity: sha512-IeFXVi4YS1K0wVZzXNrbaaUvIJ3qdY+/Ih4eHFhWA9SwGR9UDX7Ck8abvL57C4cv3wwMvUE0OG69Qc3NCcTe/A==}
    peerDependencies:
      '@types/react': '*'
      '@types/react-dom': '*'
      react: ^16.8 || ^17.0 || ^18.0 || ^19.0 || ^19.0.0-rc
      react-dom: ^16.8 || ^17.0 || ^18.0 || ^19.0 || ^19.0.0-rc
    peerDependenciesMeta:
      '@types/react':
        optional: true
      '@types/react-dom':
        optional: true
    dependencies:
      '@radix-ui/react-compose-refs': 1.1.0(@types/react@18.3.11)(react@18.3.1)
      '@radix-ui/react-use-layout-effect': 1.1.0(@types/react@18.3.11)(react@18.3.1)
      '@types/react': 18.3.11
      '@types/react-dom': 18.3.1
      react: 18.3.1
      react-dom: 18.3.1(react@18.3.1)
    dev: false

  /@radix-ui/react-primitive@2.0.0(@types/react-dom@18.3.1)(@types/react@18.3.11)(react-dom@18.3.1)(react@18.3.1):
    resolution: {integrity: sha512-ZSpFm0/uHa8zTvKBDjLFWLo8dkr4MBsiDLz0g3gMUwqgLHz9rTaRRGYDgvZPtBJgYCBKXkS9fzmoySgr8CO6Cw==}
    peerDependencies:
      '@types/react': '*'
      '@types/react-dom': '*'
      react: ^16.8 || ^17.0 || ^18.0 || ^19.0 || ^19.0.0-rc
      react-dom: ^16.8 || ^17.0 || ^18.0 || ^19.0 || ^19.0.0-rc
    peerDependenciesMeta:
      '@types/react':
        optional: true
      '@types/react-dom':
        optional: true
    dependencies:
      '@radix-ui/react-slot': 1.1.0(@types/react@18.3.11)(react@18.3.1)
      '@types/react': 18.3.11
      '@types/react-dom': 18.3.1
      react: 18.3.1
      react-dom: 18.3.1(react@18.3.1)
    dev: false

  /@radix-ui/react-slot@1.1.0(@types/react@18.3.11)(react@18.3.1):
    resolution: {integrity: sha512-FUCf5XMfmW4dtYl69pdS4DbxKy8nj4M7SafBgPllysxmdachynNflAdp/gCsnYWNDnge6tI9onzMp5ARYc1KNw==}
    peerDependencies:
      '@types/react': '*'
      react: ^16.8 || ^17.0 || ^18.0 || ^19.0 || ^19.0.0-rc
    peerDependenciesMeta:
      '@types/react':
        optional: true
    dependencies:
      '@radix-ui/react-compose-refs': 1.1.0(@types/react@18.3.11)(react@18.3.1)
      '@types/react': 18.3.11
      react: 18.3.1
    dev: false

  /@radix-ui/react-use-callback-ref@1.1.0(@types/react@18.3.11)(react@18.3.1):
    resolution: {integrity: sha512-CasTfvsy+frcFkbXtSJ2Zu9JHpN8TYKxkgJGWbjiZhFivxaeW7rMeZt7QELGVLaYVfFMsKHjb7Ak0nMEe+2Vfw==}
    peerDependencies:
      '@types/react': '*'
      react: ^16.8 || ^17.0 || ^18.0 || ^19.0 || ^19.0.0-rc
    peerDependenciesMeta:
      '@types/react':
        optional: true
    dependencies:
      '@types/react': 18.3.11
      react: 18.3.1
    dev: false

  /@radix-ui/react-use-controllable-state@1.1.0(@types/react@18.3.11)(react@18.3.1):
    resolution: {integrity: sha512-MtfMVJiSr2NjzS0Aa90NPTnvTSg6C/JLCV7ma0W6+OMV78vd8OyRpID+Ng9LxzsPbLeuBnWBA1Nq30AtBIDChw==}
    peerDependencies:
      '@types/react': '*'
      react: ^16.8 || ^17.0 || ^18.0 || ^19.0 || ^19.0.0-rc
    peerDependenciesMeta:
      '@types/react':
        optional: true
    dependencies:
      '@radix-ui/react-use-callback-ref': 1.1.0(@types/react@18.3.11)(react@18.3.1)
      '@types/react': 18.3.11
      react: 18.3.1
    dev: false

  /@radix-ui/react-use-escape-keydown@1.1.0(@types/react@18.3.11)(react@18.3.1):
    resolution: {integrity: sha512-L7vwWlR1kTTQ3oh7g1O0CBF3YCyyTj8NmhLR+phShpyA50HCfBFKVJTpshm9PzLiKmehsrQzTYTpX9HvmC9rhw==}
    peerDependencies:
      '@types/react': '*'
      react: ^16.8 || ^17.0 || ^18.0 || ^19.0 || ^19.0.0-rc
    peerDependenciesMeta:
      '@types/react':
        optional: true
    dependencies:
      '@radix-ui/react-use-callback-ref': 1.1.0(@types/react@18.3.11)(react@18.3.1)
      '@types/react': 18.3.11
      react: 18.3.1
    dev: false

  /@radix-ui/react-use-layout-effect@1.1.0(@types/react@18.3.11)(react@18.3.1):
    resolution: {integrity: sha512-+FPE0rOdziWSrH9athwI1R0HDVbWlEhd+FR+aSDk4uWGmSJ9Z54sdZVDQPZAinJhJXwfT+qnj969mCsT2gfm5w==}
    peerDependencies:
      '@types/react': '*'
      react: ^16.8 || ^17.0 || ^18.0 || ^19.0 || ^19.0.0-rc
    peerDependenciesMeta:
      '@types/react':
        optional: true
    dependencies:
      '@types/react': 18.3.11
      react: 18.3.1
    dev: false

  /@rollup/rollup-android-arm-eabi@4.24.0:
    resolution: {integrity: sha512-Q6HJd7Y6xdB48x8ZNVDOqsbh2uByBhgK8PiQgPhwkIw/HC/YX5Ghq2mQY5sRMZWHb3VsFkWooUVOZHKr7DmDIA==}
    cpu: [arm]
    os: [android]
    requiresBuild: true
    dev: true
    optional: true

  /@rollup/rollup-android-arm64@4.24.0:
    resolution: {integrity: sha512-ijLnS1qFId8xhKjT81uBHuuJp2lU4x2yxa4ctFPtG+MqEE6+C5f/+X/bStmxapgmwLwiL3ih122xv8kVARNAZA==}
    cpu: [arm64]
    os: [android]
    requiresBuild: true
    dev: true
    optional: true

  /@rollup/rollup-darwin-arm64@4.24.0:
    resolution: {integrity: sha512-bIv+X9xeSs1XCk6DVvkO+S/z8/2AMt/2lMqdQbMrmVpgFvXlmde9mLcbQpztXm1tajC3raFDqegsH18HQPMYtA==}
    cpu: [arm64]
    os: [darwin]
    requiresBuild: true
    dev: true
    optional: true

  /@rollup/rollup-darwin-x64@4.24.0:
    resolution: {integrity: sha512-X6/nOwoFN7RT2svEQWUsW/5C/fYMBe4fnLK9DQk4SX4mgVBiTA9h64kjUYPvGQ0F/9xwJ5U5UfTbl6BEjaQdBQ==}
    cpu: [x64]
    os: [darwin]
    requiresBuild: true
    dev: true
    optional: true

  /@rollup/rollup-linux-arm-gnueabihf@4.24.0:
    resolution: {integrity: sha512-0KXvIJQMOImLCVCz9uvvdPgfyWo93aHHp8ui3FrtOP57svqrF/roSSR5pjqL2hcMp0ljeGlU4q9o/rQaAQ3AYA==}
    cpu: [arm]
    os: [linux]
    requiresBuild: true
    dev: true
    optional: true

  /@rollup/rollup-linux-arm-musleabihf@4.24.0:
    resolution: {integrity: sha512-it2BW6kKFVh8xk/BnHfakEeoLPv8STIISekpoF+nBgWM4d55CZKc7T4Dx1pEbTnYm/xEKMgy1MNtYuoA8RFIWw==}
    cpu: [arm]
    os: [linux]
    requiresBuild: true
    dev: true
    optional: true

  /@rollup/rollup-linux-arm64-gnu@4.24.0:
    resolution: {integrity: sha512-i0xTLXjqap2eRfulFVlSnM5dEbTVque/3Pi4g2y7cxrs7+a9De42z4XxKLYJ7+OhE3IgxvfQM7vQc43bwTgPwA==}
    cpu: [arm64]
    os: [linux]
    requiresBuild: true
    dev: true
    optional: true

  /@rollup/rollup-linux-arm64-musl@4.24.0:
    resolution: {integrity: sha512-9E6MKUJhDuDh604Qco5yP/3qn3y7SLXYuiC0Rpr89aMScS2UAmK1wHP2b7KAa1nSjWJc/f/Lc0Wl1L47qjiyQw==}
    cpu: [arm64]
    os: [linux]
    requiresBuild: true
    dev: true
    optional: true

  /@rollup/rollup-linux-powerpc64le-gnu@4.24.0:
    resolution: {integrity: sha512-2XFFPJ2XMEiF5Zi2EBf4h73oR1V/lycirxZxHZNc93SqDN/IWhYYSYj8I9381ikUFXZrz2v7r2tOVk2NBwxrWw==}
    cpu: [ppc64]
    os: [linux]
    requiresBuild: true
    dev: true
    optional: true

  /@rollup/rollup-linux-riscv64-gnu@4.24.0:
    resolution: {integrity: sha512-M3Dg4hlwuntUCdzU7KjYqbbd+BLq3JMAOhCKdBE3TcMGMZbKkDdJ5ivNdehOssMCIokNHFOsv7DO4rlEOfyKpg==}
    cpu: [riscv64]
    os: [linux]
    requiresBuild: true
    dev: true
    optional: true

  /@rollup/rollup-linux-s390x-gnu@4.24.0:
    resolution: {integrity: sha512-mjBaoo4ocxJppTorZVKWFpy1bfFj9FeCMJqzlMQGjpNPY9JwQi7OuS1axzNIk0nMX6jSgy6ZURDZ2w0QW6D56g==}
    cpu: [s390x]
    os: [linux]
    requiresBuild: true
    dev: true
    optional: true

  /@rollup/rollup-linux-x64-gnu@4.24.0:
    resolution: {integrity: sha512-ZXFk7M72R0YYFN5q13niV0B7G8/5dcQ9JDp8keJSfr3GoZeXEoMHP/HlvqROA3OMbMdfr19IjCeNAnPUG93b6A==}
    cpu: [x64]
    os: [linux]
    requiresBuild: true
    dev: true
    optional: true

  /@rollup/rollup-linux-x64-musl@4.24.0:
    resolution: {integrity: sha512-w1i+L7kAXZNdYl+vFvzSZy8Y1arS7vMgIy8wusXJzRrPyof5LAb02KGr1PD2EkRcl73kHulIID0M501lN+vobQ==}
    cpu: [x64]
    os: [linux]
    requiresBuild: true
    dev: true
    optional: true

  /@rollup/rollup-win32-arm64-msvc@4.24.0:
    resolution: {integrity: sha512-VXBrnPWgBpVDCVY6XF3LEW0pOU51KbaHhccHw6AS6vBWIC60eqsH19DAeeObl+g8nKAz04QFdl/Cefta0xQtUQ==}
    cpu: [arm64]
    os: [win32]
    requiresBuild: true
    dev: true
    optional: true

  /@rollup/rollup-win32-ia32-msvc@4.24.0:
    resolution: {integrity: sha512-xrNcGDU0OxVcPTH/8n/ShH4UevZxKIO6HJFK0e15XItZP2UcaiLFd5kiX7hJnqCbSztUF8Qot+JWBC/QXRPYWQ==}
    cpu: [ia32]
    os: [win32]
    requiresBuild: true
    dev: true
    optional: true

  /@rollup/rollup-win32-x64-msvc@4.24.0:
    resolution: {integrity: sha512-fbMkAF7fufku0N2dE5TBXcNlg0pt0cJue4xBRE2Qc5Vqikxr4VCgKj/ht6SMdFcOacVA9rqF70APJ8RN/4vMJw==}
    cpu: [x64]
    os: [win32]
    requiresBuild: true
    dev: true
    optional: true

  /@swc/core-darwin-arm64@1.7.35:
    resolution: {integrity: sha512-BQSSozVxjxS+SVQz6e3GC/+OBWGIK3jfe52pWdANmycdjF3ch7lrCKTHTU7eHwyoJ96mofszPf5AsiVJF34Fwg==}
    engines: {node: '>=10'}
    cpu: [arm64]
    os: [darwin]
    requiresBuild: true
    dev: true
    optional: true

  /@swc/core-darwin-x64@1.7.35:
    resolution: {integrity: sha512-44TYdKN/EWtkU88foXR7IGki9JzhEJzaFOoPevfi9Xe7hjAD/x2+AJOWWqQNzDPMz9+QewLdUVLyR6s5okRgtg==}
    engines: {node: '>=10'}
    cpu: [x64]
    os: [darwin]
    requiresBuild: true
    dev: true
    optional: true

  /@swc/core-linux-arm-gnueabihf@1.7.35:
    resolution: {integrity: sha512-ccfA5h3zxwioD+/z/AmYtkwtKz9m4rWTV7RoHq6Jfsb0cXHrd6tbcvgqRWXra1kASlE+cDWsMtEZygs9dJRtUQ==}
    engines: {node: '>=10'}
    cpu: [arm]
    os: [linux]
    requiresBuild: true
    dev: true
    optional: true

  /@swc/core-linux-arm64-gnu@1.7.35:
    resolution: {integrity: sha512-hx65Qz+G4iG/IVtxJKewC5SJdki8PAPFGl6gC/57Jb0+jA4BIoGLD/J3Q3rCPeoHfdqpkCYpahtyUq8CKx41Jg==}
    engines: {node: '>=10'}
    cpu: [arm64]
    os: [linux]
    requiresBuild: true
    dev: true
    optional: true

  /@swc/core-linux-arm64-musl@1.7.35:
    resolution: {integrity: sha512-kL6tQL9No7UEoEvDRuPxzPTpxrvbwYteNRbdChSSP74j13/55G2/2hLmult5yFFaWuyoyU/2lvzjRL/i8OLZxg==}
    engines: {node: '>=10'}
    cpu: [arm64]
    os: [linux]
    requiresBuild: true
    dev: true
    optional: true

  /@swc/core-linux-x64-gnu@1.7.35:
    resolution: {integrity: sha512-Ke4rcLQSwCQ2LHdJX1FtnqmYNQ3IX6BddKlUtS7mcK13IHkQzZWp0Dcu6MgNA3twzb/dBpKX5GLy07XdGgfmyw==}
    engines: {node: '>=10'}
    cpu: [x64]
    os: [linux]
    requiresBuild: true
    dev: true
    optional: true

  /@swc/core-linux-x64-musl@1.7.35:
    resolution: {integrity: sha512-T30tlLnz0kYyDFyO5RQF5EQ4ENjW9+b56hEGgFUYmfhFhGA4E4V67iEx7KIG4u0whdPG7oy3qjyyIeTb7nElEw==}
    engines: {node: '>=10'}
    cpu: [x64]
    os: [linux]
    requiresBuild: true
    dev: true
    optional: true

  /@swc/core-win32-arm64-msvc@1.7.35:
    resolution: {integrity: sha512-CfM/k8mvtuMyX+okRhemfLt784PLS0KF7Q9djA8/Dtavk0L5Ghnq+XsGltO3d8B8+XZ7YOITsB14CrjehzeHsg==}
    engines: {node: '>=10'}
    cpu: [arm64]
    os: [win32]
    requiresBuild: true
    dev: true
    optional: true

  /@swc/core-win32-ia32-msvc@1.7.35:
    resolution: {integrity: sha512-ATB3uuH8j/RmS64EXQZJSbo2WXfRNpTnQszHME/sGaexsuxeijrp3DTYSFAA3R2Bu6HbIIX6jempe1Au8I3j+A==}
    engines: {node: '>=10'}
    cpu: [ia32]
    os: [win32]
    requiresBuild: true
    dev: true
    optional: true

  /@swc/core-win32-x64-msvc@1.7.35:
    resolution: {integrity: sha512-iDGfQO1571NqWUXtLYDhwIELA/wadH42ioGn+J9R336nWx40YICzy9UQyslWRhqzhQ5kT+QXAW/MoCWc058N6Q==}
    engines: {node: '>=10'}
    cpu: [x64]
    os: [win32]
    requiresBuild: true
    dev: true
    optional: true

  /@swc/core@1.7.35:
    resolution: {integrity: sha512-3cUteCTbr2r5jqfgx0r091sfq5Mgh6F1SQh8XAOnSvtKzwv2bC31mvBHVAieD1uPa2kHJhLav20DQgXOhpEitw==}
    engines: {node: '>=10'}
    requiresBuild: true
    peerDependencies:
      '@swc/helpers': '*'
    peerDependenciesMeta:
      '@swc/helpers':
        optional: true
    dependencies:
      '@swc/counter': 0.1.3
      '@swc/types': 0.1.13
    optionalDependencies:
      '@swc/core-darwin-arm64': 1.7.35
      '@swc/core-darwin-x64': 1.7.35
      '@swc/core-linux-arm-gnueabihf': 1.7.35
      '@swc/core-linux-arm64-gnu': 1.7.35
      '@swc/core-linux-arm64-musl': 1.7.35
      '@swc/core-linux-x64-gnu': 1.7.35
      '@swc/core-linux-x64-musl': 1.7.35
      '@swc/core-win32-arm64-msvc': 1.7.35
      '@swc/core-win32-ia32-msvc': 1.7.35
      '@swc/core-win32-x64-msvc': 1.7.35
    dev: true

  /@swc/counter@0.1.3:
    resolution: {integrity: sha512-e2BR4lsJkkRlKZ/qCHPw9ZaSxc0MVUd7gtbtaB7aMvHeJVYe8sOB8DBZkP2DtISHGSku9sCK6T6cnY0CtXrOCQ==}
    dev: true

  /@swc/types@0.1.13:
    resolution: {integrity: sha512-JL7eeCk6zWCbiYQg2xQSdLXQJl8Qoc9rXmG2cEKvHe3CKwMHwHGpfOb8frzNLmbycOo6I51qxnLnn9ESf4I20Q==}
    dependencies:
      '@swc/counter': 0.1.3
    dev: true

  /@types/estree@1.0.6:
    resolution: {integrity: sha512-AYnb1nQyY49te+VRAVgmzfcgjYS91mY5P0TKUDCLEM+gNnA+3T6rWITXRLYCpahpqSQbN5cE+gHpnPyXjHWxcw==}
    dev: true

  /@types/hoist-non-react-statics@3.3.5:
    resolution: {integrity: sha512-SbcrWzkKBw2cdwRTwQAswfpB9g9LJWfjtUeW/jvNwbhC8cpmmNYVePa+ncbUe0rGTQ7G3Ff6mYUN2VMfLVr+Sg==}
    dependencies:
      '@types/react': 18.3.11
      hoist-non-react-statics: 3.3.2
    dev: true

  /@types/prop-types@15.7.13:
    resolution: {integrity: sha512-hCZTSvwbzWGvhqxp/RqVqwU999pBf2vp7hzIjiYOsl8wqOmUxkQ6ddw1cV3l8811+kdUFus/q4d1Y3E3SyEifA==}

  /@types/react-dom@18.3.1:
    resolution: {integrity: sha512-qW1Mfv8taImTthu4KoXgDfLuk4bydU6Q/TkADnDWWHwi4NX4BR+LWfTp2sVmTqRrsHvyDDTelgelxJ+SsejKKQ==}
    dependencies:
      '@types/react': 18.3.11

  /@types/react@18.3.11:
    resolution: {integrity: sha512-r6QZ069rFTjrEYgFdOck1gK7FLVsgJE7tTz0pQBczlBNUhBNk0MQH4UbnFSwjpQLMkLzgqvBBa+qGpLje16eTQ==}
    dependencies:
      '@types/prop-types': 15.7.13
      csstype: 3.1.3

  /@types/styled-components@5.1.34:
    resolution: {integrity: sha512-mmiVvwpYklFIv9E8qfxuPyIt/OuyIrn6gMOAMOFUO3WJfSrSE+sGUoa4PiZj77Ut7bKZpaa6o1fBKS/4TOEvnA==}
    dependencies:
      '@types/hoist-non-react-statics': 3.3.5
      '@types/react': 18.3.11
      csstype: 3.1.3
    dev: true

  /@types/stylis@4.2.5:
    resolution: {integrity: sha512-1Xve+NMN7FWjY14vLoY5tL3BVEQ/n42YLwaqJIPYhotZ9uBHt87VceMwWQpzmdEt2TNXIorIFG+YeCUUW7RInw==}
    dev: false

  /@vitejs/plugin-react-swc@3.7.1(vite@5.4.8):
    resolution: {integrity: sha512-vgWOY0i1EROUK0Ctg1hwhtC3SdcDjZcdit4Ups4aPkDcB1jYhmo+RMYWY87cmXMhvtD5uf8lV89j2w16vkdSVg==}
    peerDependencies:
      vite: ^4 || ^5
    dependencies:
      '@swc/core': 1.7.35
      vite: 5.4.8
    transitivePeerDependencies:
      - '@swc/helpers'
    dev: true

  /aria-hidden@1.2.4:
    resolution: {integrity: sha512-y+CcFFwelSXpLZk/7fMB2mUbGtX9lKycf1MWJ7CaTIERyitVlyQx6C+sxcROU2BAJ24OiZyK+8wj2i8AlBoS3A==}
    engines: {node: '>=10'}
    dependencies:
      tslib: 2.6.2
    dev: false

  /camelize@1.0.1:
    resolution: {integrity: sha512-dU+Tx2fsypxTgtLoE36npi3UqcjSSMNYfkqgmoEhtZrraP5VWq0K7FkWVTYa8eMPtnU/G2txVsfdCJTn9uzpuQ==}
    dev: false

  /css-color-keywords@1.0.0:
    resolution: {integrity: sha512-FyyrDHZKEjXDpNJYvVsV960FiqQyXc/LlYmsxl2BcdMb2WPx0OGRVgTg55rPSyLSNMqP52R9r8geSp7apN3Ofg==}
    engines: {node: '>=4'}
    dev: false

  /css-to-react-native@3.2.0:
    resolution: {integrity: sha512-e8RKaLXMOFii+02mOlqwjbD00KSEKqblnpO9e++1aXS1fPQOpS1YoqdVHBqPjHNoxeF2mimzVqawm2KCbEdtHQ==}
    dependencies:
      camelize: 1.0.1
      css-color-keywords: 1.0.0
      postcss-value-parser: 4.2.0
    dev: false

  /csstype@3.1.3:
    resolution: {integrity: sha512-M1uQkMl8rQK/szD0LNhtqxIPLpimGm8sOBwU7lLnCpSbTyY3yeU1Vc7l4KT5zT4s/yOxHH5O7tIuuLOCnLADRw==}

  /detect-node-es@1.1.0:
    resolution: {integrity: sha512-ypdmJU/TbBby2Dxibuv7ZLW3Bs1QEmM7nHjEANfohJLvE0XVujisn1qPJcZxg+qDucsr+bP6fLD1rPS3AhJ7EQ==}
    dev: false

  /esbuild@0.21.5:
    resolution: {integrity: sha512-mg3OPMV4hXywwpoDxu3Qda5xCKQi+vCTZq8S9J/EpkhB2HzKXq4SNFZE3+NK93JYxc8VMSep+lOUSC/RVKaBqw==}
    engines: {node: '>=12'}
    hasBin: true
    requiresBuild: true
    optionalDependencies:
      '@esbuild/aix-ppc64': 0.21.5
      '@esbuild/android-arm': 0.21.5
      '@esbuild/android-arm64': 0.21.5
      '@esbuild/android-x64': 0.21.5
      '@esbuild/darwin-arm64': 0.21.5
      '@esbuild/darwin-x64': 0.21.5
      '@esbuild/freebsd-arm64': 0.21.5
      '@esbuild/freebsd-x64': 0.21.5
      '@esbuild/linux-arm': 0.21.5
      '@esbuild/linux-arm64': 0.21.5
      '@esbuild/linux-ia32': 0.21.5
      '@esbuild/linux-loong64': 0.21.5
      '@esbuild/linux-mips64el': 0.21.5
      '@esbuild/linux-ppc64': 0.21.5
      '@esbuild/linux-riscv64': 0.21.5
      '@esbuild/linux-s390x': 0.21.5
      '@esbuild/linux-x64': 0.21.5
      '@esbuild/netbsd-x64': 0.21.5
      '@esbuild/openbsd-x64': 0.21.5
      '@esbuild/sunos-x64': 0.21.5
      '@esbuild/win32-arm64': 0.21.5
      '@esbuild/win32-ia32': 0.21.5
      '@esbuild/win32-x64': 0.21.5
    dev: true

  /fsevents@2.3.3:
    resolution: {integrity: sha512-5xoDfX+fL7faATnagmWPpbFtwh/R77WmMMqqHGS65C3vvB0YHrgF+B1YmZ3441tMj5n63k0212XNoJwzlhffQw==}
    engines: {node: ^8.16.0 || ^10.6.0 || >=11.0.0}
    os: [darwin]
    requiresBuild: true
    dev: true
    optional: true

  /get-nonce@1.0.1:
    resolution: {integrity: sha512-FJhYRoDaiatfEkUK8HKlicmu/3SGFD51q3itKDGoSTysQJBnfOcxU5GxnhE1E6soB76MbT0MBtnKJuXyAx+96Q==}
    engines: {node: '>=6'}
    dev: false

  /globals@15.11.0:
    resolution: {integrity: sha512-yeyNSjdbyVaWurlwCpcA6XNBrHTMIeDdj0/hnvX/OLJ9ekOXYbLsLinH/MucQyGvNnXhidTdNhTtJaffL2sMfw==}
    engines: {node: '>=18'}
    dev: true

  /hoist-non-react-statics@3.3.2:
    resolution: {integrity: sha512-/gGivxi8JPKWNm/W0jSmzcMPpfpPLc3dY/6GxhX2hQ9iGj3aDfklV4ET7NjKpSinLpJ5vafa9iiGIEZg10SfBw==}
    dependencies:
      react-is: 16.13.1
    dev: true

  /invariant@2.2.4:
    resolution: {integrity: sha512-phJfQVBuaJM5raOpJjSfkiD6BpbCE4Ns//LaXl6wGYtUBY83nWS6Rf9tXm2e8VaK60JEjYldbPif/A2B1C2gNA==}
    dependencies:
      loose-envify: 1.4.0
    dev: false

  /js-tokens@4.0.0:
    resolution: {integrity: sha512-RdJUflcE3cUzKiMqQgsCu06FPu9UdIJO0beYbPhHN4k6apgJtifcoCtT9bcxOpYBtpD2kCM6Sbzg4CausW/PKQ==}
    dev: false

  /loose-envify@1.4.0:
    resolution: {integrity: sha512-lyuxPGr/Wfhrlem2CL/UcnUc1zcqKAImBDzukY7Y5F/yQiNdko6+fRLevlw1HgMySw7f611UIY408EtxRSoK3Q==}
    hasBin: true
    dependencies:
      js-tokens: 4.0.0
    dev: false

  /nanoid@3.3.7:
    resolution: {integrity: sha512-eSRppjcPIatRIMC1U6UngP8XFcz8MQWGQdt1MTBQ7NaAmvXDfvNxbvWV3x2y6CdEUciCSsDHDQZbhYaB8QEo2g==}
    engines: {node: ^10 || ^12 || ^13.7 || ^14 || >=15.0.1}
    hasBin: true

  /phosphor-react@1.4.1(react@18.3.1):
    resolution: {integrity: sha512-gO5j7U0xZrdglTAYDYPACU4xDOFBTJmptrrB/GeR+tHhCZF3nUMyGmV/0hnloKjuTrOmpSFlbfOY78H39rgjUQ==}
    engines: {node: '>=10'}
    peerDependencies:
      react: '>=16'
    dependencies:
      react: 18.3.1
    dev: false

  /picocolors@1.1.0:
    resolution: {integrity: sha512-TQ92mBOW0l3LeMeyLV6mzy/kWr8lkd/hp3mTg7wYK7zJhuBStmGMBG0BdeDZS/dZx1IukaX6Bk11zcln25o1Aw==}

  /postcss-value-parser@4.2.0:
    resolution: {integrity: sha512-1NNCs6uurfkVbeXG4S8JFT9t19m45ICnif8zWLd5oPSZ50QnwMfK+H3jv408d4jw/7Bttv5axS5IiHoLaVNHeQ==}
    dev: false

  /postcss@8.4.38:
    resolution: {integrity: sha512-Wglpdk03BSfXkHoQa3b/oulrotAkwrlLDRSOb9D0bN86FdRyE9lppSp33aHNPgBa0JKCoB+drFLZkQoRRYae5A==}
    engines: {node: ^10 || ^12 || >=14}
    dependencies:
      nanoid: 3.3.7
      picocolors: 1.1.0
      source-map-js: 1.2.1
    dev: false

  /postcss@8.4.47:
    resolution: {integrity: sha512-56rxCq7G/XfB4EkXq9Egn5GCqugWvDFjafDOThIdMBsI15iqPqR5r15TfSr1YPYeEI19YeaXMCbY6u88Y76GLQ==}
    engines: {node: ^10 || ^12 || >=14}
    dependencies:
      nanoid: 3.3.7
      picocolors: 1.1.0
      source-map-js: 1.2.1
    dev: true

  /react-dom@18.3.1(react@18.3.1):
    resolution: {integrity: sha512-5m4nQKp+rZRb09LNH59GM4BxTh9251/ylbKIbpe7TpGxfJ+9kv6BLkLBXIjjspbgbnIBNqlI23tRnTWT0snUIw==}
    peerDependencies:
      react: ^18.3.1
    dependencies:
      loose-envify: 1.4.0
      react: 18.3.1
      scheduler: 0.23.2
    dev: false

  /react-is@16.13.1:
    resolution: {integrity: sha512-24e6ynE2H+OKt4kqsOvNd8kBpV65zoxbA4BVsEOB3ARVWQki/DHzaUoC5KuON/BiccDaCCTZBuOcfZs70kR8bQ==}
    dev: true

  /react-remove-scroll-bar@2.3.6(@types/react@18.3.11)(react@18.3.1):
    resolution: {integrity: sha512-DtSYaao4mBmX+HDo5YWYdBWQwYIQQshUV/dVxFxK+KM26Wjwp1gZ6rv6OC3oujI6Bfu6Xyg3TwK533AQutsn/g==}
    engines: {node: '>=10'}
    peerDependencies:
      '@types/react': ^16.8.0 || ^17.0.0 || ^18.0.0
      react: ^16.8.0 || ^17.0.0 || ^18.0.0
    peerDependenciesMeta:
      '@types/react':
        optional: true
    dependencies:
      '@types/react': 18.3.11
      react: 18.3.1
      react-style-singleton: 2.2.1(@types/react@18.3.11)(react@18.3.1)
      tslib: 2.6.2
    dev: false

  /react-remove-scroll@2.6.0(@types/react@18.3.11)(react@18.3.1):
    resolution: {integrity: sha512-I2U4JVEsQenxDAKaVa3VZ/JeJZe0/2DxPWL8Tj8yLKctQJQiZM52pn/GWFpSp8dftjM3pSAHVJZscAnC/y+ySQ==}
    engines: {node: '>=10'}
    peerDependencies:
      '@types/react': ^16.8.0 || ^17.0.0 || ^18.0.0
      react: ^16.8.0 || ^17.0.0 || ^18.0.0
    peerDependenciesMeta:
      '@types/react':
        optional: true
    dependencies:
      '@types/react': 18.3.11
      react: 18.3.1
      react-remove-scroll-bar: 2.3.6(@types/react@18.3.11)(react@18.3.1)
      react-style-singleton: 2.2.1(@types/react@18.3.11)(react@18.3.1)
      tslib: 2.6.2
      use-callback-ref: 1.3.2(@types/react@18.3.11)(react@18.3.1)
      use-sidecar: 1.1.2(@types/react@18.3.11)(react@18.3.1)
    dev: false

  /react-style-singleton@2.2.1(@types/react@18.3.11)(react@18.3.1):
    resolution: {integrity: sha512-ZWj0fHEMyWkHzKYUr2Bs/4zU6XLmq9HsgBURm7g5pAVfyn49DgUiNgY2d4lXRlYSiCif9YBGpQleewkcqddc7g==}
    engines: {node: '>=10'}
    peerDependencies:
      '@types/react': ^16.8.0 || ^17.0.0 || ^18.0.0
      react: ^16.8.0 || ^17.0.0 || ^18.0.0
    peerDependenciesMeta:
      '@types/react':
        optional: true
    dependencies:
      '@types/react': 18.3.11
      get-nonce: 1.0.1
      invariant: 2.2.4
      react: 18.3.1
      tslib: 2.6.2
    dev: false

  /react@18.3.1:
    resolution: {integrity: sha512-wS+hAgJShR0KhEvPJArfuPVN1+Hz1t0Y6n5jLrGQbkb4urgPE/0Rve+1kMB1v/oWgHgm4WIcV+i7F2pTVj+2iQ==}
    engines: {node: '>=0.10.0'}
    dependencies:
      loose-envify: 1.4.0
    dev: false

  /rollup@4.24.0:
    resolution: {integrity: sha512-DOmrlGSXNk1DM0ljiQA+i+o0rSLhtii1je5wgk60j49d1jHT5YYttBv1iWOnYSTG+fZZESUOSNiAl89SIet+Cg==}
    engines: {node: '>=18.0.0', npm: '>=8.0.0'}
    hasBin: true
    dependencies:
      '@types/estree': 1.0.6
    optionalDependencies:
      '@rollup/rollup-android-arm-eabi': 4.24.0
      '@rollup/rollup-android-arm64': 4.24.0
      '@rollup/rollup-darwin-arm64': 4.24.0
      '@rollup/rollup-darwin-x64': 4.24.0
      '@rollup/rollup-linux-arm-gnueabihf': 4.24.0
      '@rollup/rollup-linux-arm-musleabihf': 4.24.0
      '@rollup/rollup-linux-arm64-gnu': 4.24.0
      '@rollup/rollup-linux-arm64-musl': 4.24.0
      '@rollup/rollup-linux-powerpc64le-gnu': 4.24.0
      '@rollup/rollup-linux-riscv64-gnu': 4.24.0
      '@rollup/rollup-linux-s390x-gnu': 4.24.0
      '@rollup/rollup-linux-x64-gnu': 4.24.0
      '@rollup/rollup-linux-x64-musl': 4.24.0
      '@rollup/rollup-win32-arm64-msvc': 4.24.0
      '@rollup/rollup-win32-ia32-msvc': 4.24.0
      '@rollup/rollup-win32-x64-msvc': 4.24.0
      fsevents: 2.3.3
    dev: true

  /scheduler@0.23.2:
    resolution: {integrity: sha512-UOShsPwz7NrMUqhR6t0hWjFduvOzbtv7toDH1/hIrfRNIDBnnBWd0CwJTGvTpngVlmwGCdP9/Zl/tVrDqcuYzQ==}
    dependencies:
      loose-envify: 1.4.0
    dev: false

  /shallowequal@1.1.0:
    resolution: {integrity: sha512-y0m1JoUZSlPAjXVtPPW70aZWfIL/dSP7AFkRnniLCrK/8MDKog3TySTBmckD+RObVxH0v4Tox67+F14PdED2oQ==}
    dev: false

  /source-map-js@1.2.1:
    resolution: {integrity: sha512-UXWMKhLOwVKb728IUtQPXxfYU+usdybtUrK/8uGE8CQMvrhOpwvzDBwj0QhSL7MQc7vIsISBG8VQ8+IDQxpfQA==}
    engines: {node: '>=0.10.0'}

  /styled-components@6.1.13(react-dom@18.3.1)(react@18.3.1):
    resolution: {integrity: sha512-M0+N2xSnAtwcVAQeFEsGWFFxXDftHUD7XrKla06QbpUMmbmtFBMMTcKWvFXtWxuD5qQkB8iU5gk6QASlx2ZRMw==}
    engines: {node: '>= 16'}
    peerDependencies:
      react: '>= 16.8.0'
      react-dom: '>= 16.8.0'
    dependencies:
      '@emotion/is-prop-valid': 1.2.2
      '@emotion/unitless': 0.8.1
      '@types/stylis': 4.2.5
      css-to-react-native: 3.2.0
      csstype: 3.1.3
      postcss: 8.4.38
      react: 18.3.1
      react-dom: 18.3.1(react@18.3.1)
      shallowequal: 1.1.0
      stylis: 4.3.2
      tslib: 2.6.2
    dev: false

  /stylis@4.3.2:
    resolution: {integrity: sha512-bhtUjWd/z6ltJiQwg0dUfxEJ+W+jdqQd8TbWLWyeIJHlnsqmGLRFFd8e5mA0AZi/zx90smXRlN66YMTcaSFifg==}
    dev: false

  /tslib@2.6.2:
    resolution: {integrity: sha512-AEYxH93jGFPn/a2iVAwW87VuUIkR1FVUKB77NwMF7nBTDkDrrT/Hpt/IrCJ0QXhW27jTBDcf5ZY7w6RiqTMw2Q==}
    dev: false

  /typescript@5.6.3:
    resolution: {integrity: sha512-hjcS1mhfuyi4WW8IWtjP7brDrG2cuDZukyrYrSauoXGNgx0S7zceP07adYkJycEr56BOUTNPzbInooiN3fn1qw==}
    engines: {node: '>=14.17'}
    hasBin: true
    dev: true

  /use-callback-ref@1.3.2(@types/react@18.3.11)(react@18.3.1):
    resolution: {integrity: sha512-elOQwe6Q8gqZgDA8mrh44qRTQqpIHDcZ3hXTLjBe1i4ph8XpNJnO+aQf3NaG+lriLopI4HMx9VjQLfPQ6vhnoA==}
    engines: {node: '>=10'}
    peerDependencies:
      '@types/react': ^16.8.0 || ^17.0.0 || ^18.0.0
      react: ^16.8.0 || ^17.0.0 || ^18.0.0
    peerDependenciesMeta:
      '@types/react':
        optional: true
    dependencies:
      '@types/react': 18.3.11
      react: 18.3.1
      tslib: 2.6.2
    dev: false

  /use-sidecar@1.1.2(@types/react@18.3.11)(react@18.3.1):
    resolution: {integrity: sha512-epTbsLuzZ7lPClpz2TyryBfztm7m+28DlEv2ZCQ3MDr5ssiwyOwGH/e5F9CkfWjJ1t4clvI58yF822/GUkjjhw==}
    engines: {node: '>=10'}
    peerDependencies:
      '@types/react': ^16.9.0 || ^17.0.0 || ^18.0.0
      react: ^16.8.0 || ^17.0.0 || ^18.0.0
    peerDependenciesMeta:
      '@types/react':
        optional: true
    dependencies:
      '@types/react': 18.3.11
      detect-node-es: 1.1.0
      react: 18.3.1
      tslib: 2.6.2
    dev: false

  /vite@5.4.8:
    resolution: {integrity: sha512-FqrItQ4DT1NC4zCUqMB4c4AZORMKIa0m8/URVCZ77OZ/QSNeJ54bU1vrFADbDsuwfIPcgknRkmqakQcgnL4GiQ==}
    engines: {node: ^18.0.0 || >=20.0.0}
    hasBin: true
    peerDependencies:
      '@types/node': ^18.0.0 || >=20.0.0
      less: '*'
      lightningcss: ^1.21.0
      sass: '*'
      sass-embedded: '*'
      stylus: '*'
      sugarss: '*'
      terser: ^5.4.0
    peerDependenciesMeta:
      '@types/node':
        optional: true
      less:
        optional: true
      lightningcss:
        optional: true
      sass:
        optional: true
      sass-embedded:
        optional: true
      stylus:
        optional: true
      sugarss:
        optional: true
      terser:
        optional: true
    dependencies:
      esbuild: 0.21.5
      postcss: 8.4.47
      rollup: 4.24.0
    optionalDependencies:
      fsevents: 2.3.3
    dev: true
